
Microsoft Visual Studio Solution File, Format Version 10.00
# Visual C++ Express 2008
Project("{8BC9CEB8-8B4A-11D0-8D11-00A0C91BC942}") = "AllTests", "AllTests\AllTests.vcproj", "{95A5F8D0-12C0-4AC1-B46B-292DD3886108}"
	ProjectSection(ProjectDependencies) = postProject
		{348076B9-303C-4FE0-9380-17CDF11134A9} = {348076B9-303C-4FE0-9380-17CDF11134A9}
	EndProjectSection
EndProject
Project("{8BC9CEB8-8B4A-11D0-8D11-00A0C91BC942}") = "ApplicationLib", "ApplicationLib\ApplicationLib.vcproj", "{348076B9-303C-4FE0-9380-17CDF11134A9}"
EndProject
Global
	GlobalSection(SolutionConfigurationPlatforms) = preSolution
		Debug|Win32 = Debug|Win32
		Release|Win32 = Release|Win32
	EndGlobalSection
	GlobalSection(ProjectConfigurationPlatforms) = postSolution
		{95A5F8D0-12C0-4AC1-B46B-292DD3886108}.Debug|Win32.ActiveCfg = Debug|Win32
		{95A5F8D0-12C0-4AC1-B46B-292DD3886108}.Debug|Win32.Build.0 = Debug|Win32
		{95A5F8D0-12C0-4AC1-B46B-292DD3886108}.Release|Win32.ActiveCfg = Release|Win32
		{95A5F8D0-12C0-4AC1-B46B-292DD3886108}.Release|Win32.Build.0 = Release|Win32
		{348076B9-303C-4FE0-9380-17CDF11134A9}.Debug|Win32.ActiveCfg = Debug|Win32
		{348076B9-303C-4FE0-9380-17CDF11134A9}.Debug|Win32.Build.0 = Debug|Win32
		{348076B9-303C-4FE0-9380-17CDF11134A9}.Release|Win32.ActiveCfg = Release|Win32
		{348076B9-303C-4FE0-9380-17CDF11134A9}.Release|Win32.Build.0 = Release|Win32
	EndGlobalSection
	GlobalSection(SolutionProperties) = preSolution
		HideSolutionNode = FALSE
	EndGlobalSection
EndGlobal
